
Microsoft Visual Studio Solution File, Format Version 12.00
# Visual Studio Version 16
VisualStudioVersion = 16.0.810.23
MinimumVisualStudioVersion = 10.0.40219.1
Project("{FAE04EC0-301F-11D3-BF4B-00C04F79EFBC}") = "vn_mode_dz_14", "vn_mode_dz_14.csproj", "{80936B70-6617-4610-BE41-560AB1B4F7F9}"
EndProject
Global
	GlobalSection(SolutionConfigurationPlatforms) = preSolution
		Debug|Any CPU = Debug|Any CPU
		Release|Any CPU = Release|Any CPU
	EndGlobalSection
	GlobalSection(ProjectConfigurationPlatforms) = postSolution
		{80936B70-6617-4610-BE41-560AB1B4F7F9}.Debug|Any CPU.ActiveCfg = Debug|Any CPU
		{80936B70-6617-4610-BE41-560AB1B4F7F9}.Debug|Any CPU.Build.0 = Debug|Any CPU
		{80936B70-6617-4610-BE41-560AB1B4F7F9}.Release|Any CPU.ActiveCfg = Release|Any CPU
		{80936B70-6617-4610-BE41-560AB1B4F7F9}.Release|Any CPU.Build.0 = Release|Any CPU
	EndGlobalSection
	GlobalSection(SolutionProperties) = preSolution
		HideSolutionNode = FALSE
	EndGlobalSection
	GlobalSection(ExtensibilityGlobals) = postSolution
		SolutionGuid = {74583F9B-CDD1-4A02-9B4D-F5ACE471114A}
	EndGlobalSection
EndGlobal
